{
  "name": "test 5",
  "lockfileVersion": 2,
  "requires": true,
  "packages": {
    "": {
      "dependencies": {
        "git-js": "^1.1.1"
      }
    },
    "node_modules/git-js": {
      "version": "1.1.1",
      "resolved": "https://registry.npmjs.org/git-js/-/git-js-1.1.1.tgz",
      "integrity": "sha512-20Yet7bKELUgMAayf9QyFPi00ztOpTuIZL80EX95g2yNZcSQDPC3DqAm6yqgg5HfCfCv+lZe9IDblXcO7zw2Bw=="
    }
  },
  "dependencies": {
    "git-js": {
      "version": "1.1.1",
      "resolved": "https://registry.npmjs.org/git-js/-/git-js-1.1.1.tgz",
      "integrity": "sha512-20Yet7bKELUgMAayf9QyFPi00ztOpTuIZL80EX95g2yNZcSQDPC3DqAm6yqgg5HfCfCv+lZe9IDblXcO7zw2Bw=="
    }
  }
}
